
Microsoft Visual Studio Solution File, Format Version 12.00
# Visual Studio Version 16
VisualStudioVersion = 16.0.30503.244
MinimumVisualStudioVersion = 10.0.40219.1
Project("{FAE04EC0-301F-11D3-BF4B-00C04F79EFBC}") = "WPF_Noughts_and_Crosses", "WPF_Noughts_and_Crosses\WPF_Noughts_and_Crosses.csproj", "{E360D94E-1B4D-4561-9D72-9ECF5EABE349}"
EndProject
Global
	GlobalSection(SolutionConfigurationPlatforms) = preSolution
		Debug|Any CPU = Debug|Any CPU
		Release|Any CPU = Release|Any CPU
	EndGlobalSection
	GlobalSection(ProjectConfigurationPlatforms) = postSolution
		{E360D94E-1B4D-4561-9D72-9ECF5EABE349}.Debug|Any CPU.ActiveCfg = Debug|Any CPU
		{E360D94E-1B4D-4561-9D72-9ECF5EABE349}.Debug|Any CPU.Build.0 = Debug|Any CPU
		{E360D94E-1B4D-4561-9D72-9ECF5EABE349}.Release|Any CPU.ActiveCfg = Release|Any CPU
		{E360D94E-1B4D-4561-9D72-9ECF5EABE349}.Release|Any CPU.Build.0 = Release|Any CPU
	EndGlobalSection
	GlobalSection(SolutionProperties) = preSolution
		HideSolutionNode = FALSE
	EndGlobalSection
	GlobalSection(ExtensibilityGlobals) = postSolution
		SolutionGuid = {F0EFD0CB-B9AD-4EB7-8DA2-998ACDFB4521}
	EndGlobalSection
EndGlobal
